{
  "name": "com.aku.app",
  "version": "1.0.0",
  "lockfileVersion": 1,
  "requires": true,
  "dependencies": {
    "cordova-plugin-googleplus": {
      "version": "8.5.1",
      "resolved": "https://registry.npmjs.org/cordova-plugin-googleplus/-/cordova-plugin-googleplus-8.5.1.tgz",
      "integrity": "sha512-Az+8BWFIbNPy8+JrIN3nPWVhOBBT8FEmE4UdlUwuKaDKxM7910Jqr7KQY6rl0qD9fhU3/YwLwN+QpFOEnifmIg==",
      "requires": {
        "q": "*"
      }
    },
    "cordova-plugin-whitelist": {
      "version": "1.3.4",
      "resolved": "https://registry.npmjs.org/cordova-plugin-whitelist/-/cordova-plugin-whitelist-1.3.4.tgz",
      "integrity": "sha512-EYC5eQFVkoYXq39l7tYKE6lEjHJ04mvTmKXxGL7quHLdFPfJMNzru/UYpn92AOfpl3PQaZmou78C7EgmFOwFQQ==",
      "dev": true
    },
    "q": {
      "version": "1.5.1",
      "resolved": "https://registry.npmjs.org/q/-/q-1.5.1.tgz",
      "integrity": "sha1-fjL3W0E4EpHQRhHxvxQQmsAGUdc="
    }
  }
}
